
Microsoft Visual Studio Solution File, Format Version 12.00
# Visual Studio Version 17
VisualStudioVersion = 17.10.35013.160
MinimumVisualStudioVersion = 10.0.40219.1
Project("{FAE04EC0-301F-11D3-BF4B-00C04F79EFBC}") = "SmartWorkout", "SmartWorkout\SmartWorkout.csproj", "{525C0A5D-0FA1-4A40-9F02-0352BF3FF229}"
EndProject
Global
	GlobalSection(SolutionConfigurationPlatforms) = preSolution
		Debug|Any CPU = Debug|Any CPU
		Release|Any CPU = Release|Any CPU
	EndGlobalSection
	GlobalSection(ProjectConfigurationPlatforms) = postSolution
		{525C0A5D-0FA1-4A40-9F02-0352BF3FF229}.Debug|Any CPU.ActiveCfg = Debug|Any CPU
		{525C0A5D-0FA1-4A40-9F02-0352BF3FF229}.Debug|Any CPU.Build.0 = Debug|Any CPU
		{525C0A5D-0FA1-4A40-9F02-0352BF3FF229}.Release|Any CPU.ActiveCfg = Release|Any CPU
		{525C0A5D-0FA1-4A40-9F02-0352BF3FF229}.Release|Any CPU.Build.0 = Release|Any CPU
	EndGlobalSection
	GlobalSection(SolutionProperties) = preSolution
		HideSolutionNode = FALSE
	EndGlobalSection
	GlobalSection(ExtensibilityGlobals) = postSolution
		SolutionGuid = {1FE1E213-82EF-4DB8-BEC3-D5E666909FAB}
	EndGlobalSection
EndGlobal
